
Microsoft Visual Studio Solution File, Format Version 12.00
# Visual Studio Version 17
VisualStudioVersion = 17.0.31903.59
MinimumVisualStudioVersion = 10.0.40219.1
Project("{9A19103F-16F7-4668-BE54-9A1E7A4F7556}") = "MarketWorld.Application", "src\MarketWorld.Application\MarketWorld.Application.csproj", "{82BAB302-ADCB-4404-B64C-E87A1E5E8D5E}"
EndProject
Project("{9A19103F-16F7-4668-BE54-9A1E7A4F7556}") = "MarketWorld.Core", "src\MarketWorld.Core\MarketWorld.Core.csproj", "{3D5B8240-9694-4C52-9319-1387A1A3A201}"
EndProject
Project("{9A19103F-16F7-4668-BE54-9A1E7A4F7556}") = "MarketWorld.Infrastructure", "src\MarketWorld.Infrastructure\MarketWorld.Infrastructure.csproj", "{58FD7101-76B4-46FB-9387-0302A5BAE105}"
EndProject
Project("{9A19103F-16F7-4668-BE54-9A1E7A4F7556}") = "MarketWorld.Web", "src\MarketWorld.Web\MarketWorld.Web.csproj", "{102FE7E5-F0F4-4F16-B82C-B1D940A56F22}"
EndProject
Project("{9A19103F-16F7-4668-BE54-9A1E7A4F7556}") = "MarketWorld.Api", "src\services\MarketWorld.API\MarketWorld.Api.csproj", "{75A4C34E-21D3-4C57-9EBB-F7E4C5C7B315}"
EndProject
Project("{2150E333-8FDC-42A3-9474-1A3956D46DE8}") = "src", "src", "{02EA681E-C7D8-13C7-8484-4AC65E1B71E8}"
EndProject
Project("{2150E333-8FDC-42A3-9474-1A3956D46DE8}") = "Services", "Services", "{3E3A978D-7EA7-477E-AC9E-4D8BEA18E5AA}"
EndProject
Project("{2150E333-8FDC-42A3-9474-1A3956D46DE8}") = "tests", "tests", "{0AB3BF05-4346-4AA6-1389-037BE0695223}"
EndProject
Project("{FAE04EC0-301F-11D3-BF4B-00C04F79EFBC}") = "MarketWorld.Tests", "tests\MarketWorld.Tests\MarketWorld.Tests.csproj", "{CA6E332E-C076-4026-A2D3-D781EAE229E6}"
EndProject
Project("{FAE04EC0-301F-11D3-BF4B-00C04F79EFBC}") = "MarketWorld.Order.API", "src\services\MarketWorld.Order.API\MarketWorld.Order.API.csproj", "{9987BD9B-7B75-F0FE-5CF2-84D264E7B2D1}"
EndProject
Project("{FAE04EC0-301F-11D3-BF4B-00C04F79EFBC}") = "MarketWorld.Gateway", "src\services\MarketWorld.Gateway\MarketWorld.Gateway.csproj", "{4979D0C3-1564-AB0F-B5E0-3F3FA8683931}"
EndProject
Project("{FAE04EC0-301F-11D3-BF4B-00C04F79EFBC}") = "MarketWorld.Identity.API", "src\services\MarketWorld.Identity.API\MarketWorld.Identity.API.csproj", "{7B1BAEB7-3D66-9358-9010-C41A480810EB}"
EndProject
Project("{FAE04EC0-301F-11D3-BF4B-00C04F79EFBC}") = "MarketWorld.Catalog.API", "src\services\MarketWorld.Catalog.API\MarketWorld.Catalog.API.csproj", "{7D2A2542-3CDE-E88E-B422-09E32156DFEA}"
EndProject
Global
	GlobalSection(SolutionConfigurationPlatforms) = preSolution
		Debug|Any CPU = Debug|Any CPU
		Debug|x64 = Debug|x64
		Debug|x86 = Debug|x86
		Release|Any CPU = Release|Any CPU
		Release|x64 = Release|x64
		Release|x86 = Release|x86
	EndGlobalSection
	GlobalSection(ProjectConfigurationPlatforms) = postSolution
		{82BAB302-ADCB-4404-B64C-E87A1E5E8D5E}.Debug|Any CPU.ActiveCfg = Debug|Any CPU
		{82BAB302-ADCB-4404-B64C-E87A1E5E8D5E}.Debug|Any CPU.Build.0 = Debug|Any CPU
		{82BAB302-ADCB-4404-B64C-E87A1E5E8D5E}.Debug|x64.ActiveCfg = Debug|Any CPU
		{82BAB302-ADCB-4404-B64C-E87A1E5E8D5E}.Debug|x64.Build.0 = Debug|Any CPU
		{82BAB302-ADCB-4404-B64C-E87A1E5E8D5E}.Debug|x86.ActiveCfg = Debug|Any CPU
		{82BAB302-ADCB-4404-B64C-E87A1E5E8D5E}.Debug|x86.Build.0 = Debug|Any CPU
		{82BAB302-ADCB-4404-B64C-E87A1E5E8D5E}.Release|Any CPU.ActiveCfg = Release|Any CPU
		{82BAB302-ADCB-4404-B64C-E87A1E5E8D5E}.Release|Any CPU.Build.0 = Release|Any CPU
		{82BAB302-ADCB-4404-B64C-E87A1E5E8D5E}.Release|x64.ActiveCfg = Release|Any CPU
		{82BAB302-ADCB-4404-B64C-E87A1E5E8D5E}.Release|x64.Build.0 = Release|Any CPU
		{82BAB302-ADCB-4404-B64C-E87A1E5E8D5E}.Release|x86.ActiveCfg = Release|Any CPU
		{82BAB302-ADCB-4404-B64C-E87A1E5E8D5E}.Release|x86.Build.0 = Release|Any CPU
		{3D5B8240-9694-4C52-9319-1387A1A3A201}.Debug|Any CPU.ActiveCfg = Debug|Any CPU
		{3D5B8240-9694-4C52-9319-1387A1A3A201}.Debug|Any CPU.Build.0 = Debug|Any CPU
		{3D5B8240-9694-4C52-9319-1387A1A3A201}.Debug|x64.ActiveCfg = Debug|Any CPU
		{3D5B8240-9694-4C52-9319-1387A1A3A201}.Debug|x64.Build.0 = Debug|Any CPU
		{3D5B8240-9694-4C52-9319-1387A1A3A201}.Debug|x86.ActiveCfg = Debug|Any CPU
		{3D5B8240-9694-4C52-9319-1387A1A3A201}.Debug|x86.Build.0 = Debug|Any CPU
		{3D5B8240-9694-4C52-9319-1387A1A3A201}.Release|Any CPU.ActiveCfg = Release|Any CPU
		{3D5B8240-9694-4C52-9319-1387A1A3A201}.Release|Any CPU.Build.0 = Release|Any CPU
		{3D5B8240-9694-4C52-9319-1387A1A3A201}.Release|x64.ActiveCfg = Release|Any CPU
		{3D5B8240-9694-4C52-9319-1387A1A3A201}.Release|x64.Build.0 = Release|Any CPU
		{3D5B8240-9694-4C52-9319-1387A1A3A201}.Release|x86.ActiveCfg = Release|Any CPU
		{3D5B8240-9694-4C52-9319-1387A1A3A201}.Release|x86.Build.0 = Release|Any CPU
		{58FD7101-76B4-46FB-9387-0302A5BAE105}.Debug|Any CPU.ActiveCfg = Debug|Any CPU
		{58FD7101-76B4-46FB-9387-0302A5BAE105}.Debug|Any CPU.Build.0 = Debug|Any CPU
		{58FD7101-76B4-46FB-9387-0302A5BAE105}.Debug|x64.ActiveCfg = Debug|Any CPU
		{58FD7101-76B4-46FB-9387-0302A5BAE105}.Debug|x64.Build.0 = Debug|Any CPU
		{58FD7101-76B4-46FB-9387-0302A5BAE105}.Debug|x86.ActiveCfg = Debug|Any CPU
		{58FD7101-76B4-46FB-9387-0302A5BAE105}.Debug|x86.Build.0 = Debug|Any CPU
		{58FD7101-76B4-46FB-9387-0302A5BAE105}.Release|Any CPU.ActiveCfg = Release|Any CPU
		{58FD7101-76B4-46FB-9387-0302A5BAE105}.Release|Any CPU.Build.0 = Release|Any CPU
		{58FD7101-76B4-46FB-9387-0302A5BAE105}.Release|x64.ActiveCfg = Release|Any CPU
		{58FD7101-76B4-46FB-9387-0302A5BAE105}.Release|x64.Build.0 = Release|Any CPU
		{58FD7101-76B4-46FB-9387-0302A5BAE105}.Release|x86.ActiveCfg = Release|Any CPU
		{58FD7101-76B4-46FB-9387-0302A5BAE105}.Release|x86.Build.0 = Release|Any CPU
		{102FE7E5-F0F4-4F16-B82C-B1D940A56F22}.Debug|Any CPU.ActiveCfg = Debug|Any CPU
		{102FE7E5-F0F4-4F16-B82C-B1D940A56F22}.Debug|Any CPU.Build.0 = Debug|Any CPU
		{102FE7E5-F0F4-4F16-B82C-B1D940A56F22}.Debug|x64.ActiveCfg = Debug|Any CPU
		{102FE7E5-F0F4-4F16-B82C-B1D940A56F22}.Debug|x64.Build.0 = Debug|Any CPU
		{102FE7E5-F0F4-4F16-B82C-B1D940A56F22}.Debug|x86.ActiveCfg = Debug|Any CPU
		{102FE7E5-F0F4-4F16-B82C-B1D940A56F22}.Debug|x86.Build.0 = Debug|Any CPU
		{102FE7E5-F0F4-4F16-B82C-B1D940A56F22}.Release|Any CPU.ActiveCfg = Release|Any CPU
		{102FE7E5-F0F4-4F16-B82C-B1D940A56F22}.Release|Any CPU.Build.0 = Release|Any CPU
		{102FE7E5-F0F4-4F16-B82C-B1D940A56F22}.Release|x64.ActiveCfg = Release|Any CPU
		{102FE7E5-F0F4-4F16-B82C-B1D940A56F22}.Release|x64.Build.0 = Release|Any CPU
		{102FE7E5-F0F4-4F16-B82C-B1D940A56F22}.Release|x86.ActiveCfg = Release|Any CPU
		{102FE7E5-F0F4-4F16-B82C-B1D940A56F22}.Release|x86.Build.0 = Release|Any CPU
		{75A4C34E-21D3-4C57-9EBB-F7E4C5C7B315}.Debug|Any CPU.ActiveCfg = Debug|Any CPU
		{75A4C34E-21D3-4C57-9EBB-F7E4C5C7B315}.Debug|Any CPU.Build.0 = Debug|Any CPU
		{75A4C34E-21D3-4C57-9EBB-F7E4C5C7B315}.Debug|x64.ActiveCfg = Debug|Any CPU
		{75A4C34E-21D3-4C57-9EBB-F7E4C5C7B315}.Debug|x64.Build.0 = Debug|Any CPU
		{75A4C34E-21D3-4C57-9EBB-F7E4C5C7B315}.Debug|x86.ActiveCfg = Debug|Any CPU
		{75A4C34E-21D3-4C57-9EBB-F7E4C5C7B315}.Debug|x86.Build.0 = Debug|Any CPU
		{75A4C34E-21D3-4C57-9EBB-F7E4C5C7B315}.Release|Any CPU.ActiveCfg = Release|Any CPU
		{75A4C34E-21D3-4C57-9EBB-F7E4C5C7B315}.Release|Any CPU.Build.0 = Release|Any CPU
		{75A4C34E-21D3-4C57-9EBB-F7E4C5C7B315}.Release|x64.ActiveCfg = Release|Any CPU
		{75A4C34E-21D3-4C57-9EBB-F7E4C5C7B315}.Release|x64.Build.0 = Release|Any CPU
		{75A4C34E-21D3-4C57-9EBB-F7E4C5C7B315}.Release|x86.ActiveCfg = Release|Any CPU
		{75A4C34E-21D3-4C57-9EBB-F7E4C5C7B315}.Release|x86.Build.0 = Release|Any CPU
		{CA6E332E-C076-4026-A2D3-D781EAE229E6}.Debug|Any CPU.ActiveCfg = Debug|Any CPU
		{CA6E332E-C076-4026-A2D3-D781EAE229E6}.Debug|Any CPU.Build.0 = Debug|Any CPU
		{CA6E332E-C076-4026-A2D3-D781EAE229E6}.Debug|x64.ActiveCfg = Debug|Any CPU
		{CA6E332E-C076-4026-A2D3-D781EAE229E6}.Debug|x64.Build.0 = Debug|Any CPU
		{CA6E332E-C076-4026-A2D3-D781EAE229E6}.Debug|x86.ActiveCfg = Debug|Any CPU
		{CA6E332E-C076-4026-A2D3-D781EAE229E6}.Debug|x86.Build.0 = Debug|Any CPU
		{CA6E332E-C076-4026-A2D3-D781EAE229E6}.Release|Any CPU.ActiveCfg = Release|Any CPU
		{CA6E332E-C076-4026-A2D3-D781EAE229E6}.Release|Any CPU.Build.0 = Release|Any CPU
		{CA6E332E-C076-4026-A2D3-D781EAE229E6}.Release|x64.ActiveCfg = Release|Any CPU
		{CA6E332E-C076-4026-A2D3-D781EAE229E6}.Release|x64.Build.0 = Release|Any CPU
		{CA6E332E-C076-4026-A2D3-D781EAE229E6}.Release|x86.ActiveCfg = Release|Any CPU
		{CA6E332E-C076-4026-A2D3-D781EAE229E6}.Release|x86.Build.0 = Release|Any CPU
		{9987BD9B-7B75-F0FE-5CF2-84D264E7B2D1}.Debug|Any CPU.ActiveCfg = Debug|Any CPU
		{9987BD9B-7B75-F0FE-5CF2-84D264E7B2D1}.Debug|Any CPU.Build.0 = Debug|Any CPU
		{9987BD9B-7B75-F0FE-5CF2-84D264E7B2D1}.Debug|x64.ActiveCfg = Debug|Any CPU
		{9987BD9B-7B75-F0FE-5CF2-84D264E7B2D1}.Debug|x64.Build.0 = Debug|Any CPU
		{9987BD9B-7B75-F0FE-5CF2-84D264E7B2D1}.Debug|x86.ActiveCfg = Debug|Any CPU
		{9987BD9B-7B75-F0FE-5CF2-84D264E7B2D1}.Debug|x86.Build.0 = Debug|Any CPU
		{9987BD9B-7B75-F0FE-5CF2-84D264E7B2D1}.Release|Any CPU.ActiveCfg = Release|Any CPU
		{9987BD9B-7B75-F0FE-5CF2-84D264E7B2D1}.Release|Any CPU.Build.0 = Release|Any CPU
		{9987BD9B-7B75-F0FE-5CF2-84D264E7B2D1}.Release|x64.ActiveCfg = Release|Any CPU
		{9987BD9B-7B75-F0FE-5CF2-84D264E7B2D1}.Release|x64.Build.0 = Release|Any CPU
		{9987BD9B-7B75-F0FE-5CF2-84D264E7B2D1}.Release|x86.ActiveCfg = Release|Any CPU
		{9987BD9B-7B75-F0FE-5CF2-84D264E7B2D1}.Release|x86.Build.0 = Release|Any CPU
		{4979D0C3-1564-AB0F-B5E0-3F3FA8683931}.Debug|Any CPU.ActiveCfg = Debug|Any CPU
		{4979D0C3-1564-AB0F-B5E0-3F3FA8683931}.Debug|Any CPU.Build.0 = Debug|Any CPU
		{4979D0C3-1564-AB0F-B5E0-3F3FA8683931}.Debug|x64.ActiveCfg = Debug|Any CPU
		{4979D0C3-1564-AB0F-B5E0-3F3FA8683931}.Debug|x64.Build.0 = Debug|Any CPU
		{4979D0C3-1564-AB0F-B5E0-3F3FA8683931}.Debug|x86.ActiveCfg = Debug|Any CPU
		{4979D0C3-1564-AB0F-B5E0-3F3FA8683931}.Debug|x86.Build.0 = Debug|Any CPU
		{4979D0C3-1564-AB0F-B5E0-3F3FA8683931}.Release|Any CPU.ActiveCfg = Release|Any CPU
		{4979D0C3-1564-AB0F-B5E0-3F3FA8683931}.Release|Any CPU.Build.0 = Release|Any CPU
		{4979D0C3-1564-AB0F-B5E0-3F3FA8683931}.Release|x64.ActiveCfg = Release|Any CPU
		{4979D0C3-1564-AB0F-B5E0-3F3FA8683931}.Release|x64.Build.0 = Release|Any CPU
		{4979D0C3-1564-AB0F-B5E0-3F3FA8683931}.Release|x86.ActiveCfg = Release|Any CPU
		{4979D0C3-1564-AB0F-B5E0-3F3FA8683931}.Release|x86.Build.0 = Release|Any CPU
		{7B1BAEB7-3D66-9358-9010-C41A480810EB}.Debug|Any CPU.ActiveCfg = Debug|Any CPU
		{7B1BAEB7-3D66-9358-9010-C41A480810EB}.Debug|Any CPU.Build.0 = Debug|Any CPU
		{7B1BAEB7-3D66-9358-9010-C41A480810EB}.Debug|x64.ActiveCfg = Debug|Any CPU
		{7B1BAEB7-3D66-9358-9010-C41A480810EB}.Debug|x64.Build.0 = Debug|Any CPU
		{7B1BAEB7-3D66-9358-9010-C41A480810EB}.Debug|x86.ActiveCfg = Debug|Any CPU
		{7B1BAEB7-3D66-9358-9010-C41A480810EB}.Debug|x86.Build.0 = Debug|Any CPU
		{7B1BAEB7-3D66-9358-9010-C41A480810EB}.Release|Any CPU.ActiveCfg = Release|Any CPU
		{7B1BAEB7-3D66-9358-9010-C41A480810EB}.Release|Any CPU.Build.0 = Release|Any CPU
		{7B1BAEB7-3D66-9358-9010-C41A480810EB}.Release|x64.ActiveCfg = Release|Any CPU
		{7B1BAEB7-3D66-9358-9010-C41A480810EB}.Release|x64.Build.0 = Release|Any CPU
		{7B1BAEB7-3D66-9358-9010-C41A480810EB}.Release|x86.ActiveCfg = Release|Any CPU
		{7B1BAEB7-3D66-9358-9010-C41A480810EB}.Release|x86.Build.0 = Release|Any CPU
		{7D2A2542-3CDE-E88E-B422-09E32156DFEA}.Debug|Any CPU.ActiveCfg = Debug|Any CPU
		{7D2A2542-3CDE-E88E-B422-09E32156DFEA}.Debug|Any CPU.Build.0 = Debug|Any CPU
		{7D2A2542-3CDE-E88E-B422-09E32156DFEA}.Debug|x64.ActiveCfg = Debug|Any CPU
		{7D2A2542-3CDE-E88E-B422-09E32156DFEA}.Debug|x64.Build.0 = Debug|Any CPU
		{7D2A2542-3CDE-E88E-B422-09E32156DFEA}.Debug|x86.ActiveCfg = Debug|Any CPU
		{7D2A2542-3CDE-E88E-B422-09E32156DFEA}.Debug|x86.Build.0 = Debug|Any CPU
		{7D2A2542-3CDE-E88E-B422-09E32156DFEA}.Release|Any CPU.ActiveCfg = Release|Any CPU
		{7D2A2542-3CDE-E88E-B422-09E32156DFEA}.Release|Any CPU.Build.0 = Release|Any CPU
		{7D2A2542-3CDE-E88E-B422-09E32156DFEA}.Release|x64.ActiveCfg = Release|Any CPU
		{7D2A2542-3CDE-E88E-B422-09E32156DFEA}.Release|x64.Build.0 = Release|Any CPU
		{7D2A2542-3CDE-E88E-B422-09E32156DFEA}.Release|x86.ActiveCfg = Release|Any CPU
		{7D2A2542-3CDE-E88E-B422-09E32156DFEA}.Release|x86.Build.0 = Release|Any CPU
	EndGlobalSection
	GlobalSection(SolutionProperties) = preSolution
		HideSolutionNode = FALSE
	EndGlobalSection
	GlobalSection(NestedProjects) = preSolution
		{82BAB302-ADCB-4404-B64C-E87A1E5E8D5E} = {02EA681E-C7D8-13C7-8484-4AC65E1B71E8}
		{3D5B8240-9694-4C52-9319-1387A1A3A201} = {02EA681E-C7D8-13C7-8484-4AC65E1B71E8}
		{58FD7101-76B4-46FB-9387-0302A5BAE105} = {02EA681E-C7D8-13C7-8484-4AC65E1B71E8}
		{102FE7E5-F0F4-4F16-B82C-B1D940A56F22} = {02EA681E-C7D8-13C7-8484-4AC65E1B71E8}
		{75A4C34E-21D3-4C57-9EBB-F7E4C5C7B315} = {3E3A978D-7EA7-477E-AC9E-4D8BEA18E5AA}
		{3E3A978D-7EA7-477E-AC9E-4D8BEA18E5AA} = {02EA681E-C7D8-13C7-8484-4AC65E1B71E8}
		{CA6E332E-C076-4026-A2D3-D781EAE229E6} = {0AB3BF05-4346-4AA6-1389-037BE0695223}
		{9987BD9B-7B75-F0FE-5CF2-84D264E7B2D1} = {3E3A978D-7EA7-477E-AC9E-4D8BEA18E5AA}
		{4979D0C3-1564-AB0F-B5E0-3F3FA8683931} = {3E3A978D-7EA7-477E-AC9E-4D8BEA18E5AA}
		{7B1BAEB7-3D66-9358-9010-C41A480810EB} = {3E3A978D-7EA7-477E-AC9E-4D8BEA18E5AA}
		{7D2A2542-3CDE-E88E-B422-09E32156DFEA} = {3E3A978D-7EA7-477E-AC9E-4D8BEA18E5AA}
	EndGlobalSection
	GlobalSection(ExtensibilityGlobals) = postSolution
		SolutionGuid = {DB53CE61-0BB6-4DBB-9320-146FFD1ADB17}
	EndGlobalSection
EndGlobal
